
Microsoft Visual Studio Solution File, Format Version 12.00
Project("{FAE04EC0-301F-11D3-BF4B-00C04F79EFBC}") = "Rask.Core", "Rask.Core\Rask.Core.csproj", "{F0AD5A1F-D839-4871-B2E1-37E0DD2EEB79}"
EndProject
Project("{FAE04EC0-301F-11D3-BF4B-00C04F79EFBC}") = "Rask.Core.Tests", "Rask.Core.Tests\Rask.Core.Tests.csproj", "{D6B09724-53C8-4B36-B63B-602D72522B43}"
EndProject
Project("{FAE04EC0-301F-11D3-BF4B-00C04F79EFBC}") = "Rask.Generators", "Rask.Generators\Rask.Generators.csproj", "{8A4B6E12-9F7C-4D3A-B1E9-7A2D5C8B6F11}"
EndProject
Project("{FAE04EC0-301F-11D3-BF4B-00C04F79EFBC}") = "Rask.Generators.Tests", "Rask.Generators.Tests\Rask.Generators.Tests.csproj", "{E2E29D21-E13A-41E2-AB0E-6227BC8D0873}"
EndProject
Project("{FAE04EC0-301F-11D3-BF4B-00C04F79EFBC}") = "Rask.Server", "Rask.Server\Rask.Server.csproj", "{B01C070F-66E4-433F-8656-FA1ABD3CBAB9}"
EndProject
Project("{FAE04EC0-301F-11D3-BF4B-00C04F79EFBC}") = "Rask.Example.Server", "Rask.Example.Server\Rask.Example.Server.csproj", "{76BB22C2-39C9-4312-B56C-1F51B548F80A}"
EndProject
Project("{FAE04EC0-301F-11D3-BF4B-00C04F79EFBC}") = "Rask.Example.Shared", "Rask.Example.Shared\Rask.Example.Shared.csproj", "{A1AA5C04-43EB-4504-8E6D-AE17DC3D4D57}"
EndProject
Project("{FAE04EC0-301F-11D3-BF4B-00C04F79EFBC}") = "Rask.Wasm", "Rask.Wasm\Rask.Wasm.csproj", "{44867CD1-4052-4B03-BAA0-EED8BABB3454}"
EndProject
Project("{FAE04EC0-301F-11D3-BF4B-00C04F79EFBC}") = "Rask.Example.Wasm", "Rask.Example.Wasm\Rask.Example.Wasm.csproj", "{E91D245C-686A-4FB7-BCB8-560A959C6EB2}"
EndProject
Project("{FAE04EC0-301F-11D3-BF4B-00C04F79EFBC}") = "Rask.Example.Wasm.Host", "Rask.Example.Wasm.Host\Rask.Example.Wasm.Host.csproj", "{236292E8-5D5F-4061-9C71-F989EFC85932}"
EndProject
Project("{FAE04EC0-301F-11D3-BF4B-00C04F79EFBC}") = "Rask.Server.Tests", "Rask.Server.Tests\Rask.Server.Tests.csproj", "{BB623245-BBF5-43FD-AA46-1B9216A53215}"
EndProject
Project("{FAE04EC0-301F-11D3-BF4B-00C04F79EFBC}") = "Rask.Wasm.Tests", "Rask.Wasm.Tests\Rask.Wasm.Tests.csproj", "{A959AA71-9862-460E-8995-FADD1CA2FD8E}"
EndProject
Project("{FAE04EC0-301F-11D3-BF4B-00C04F79EFBC}") = "Rask.Wasm.Hosting", "Rask.Wasm.Hosting\Rask.Wasm.Hosting.csproj", "{4770FA83-541F-4051-8EBD-FB9A887DDC91}"
EndProject
Project("{FAE04EC0-301F-11D3-BF4B-00C04F79EFBC}") = "Rask.Examples.E2E.Tests", "Rask.Examples.E2E.Tests\Rask.Examples.E2E.Tests.csproj", "{60E220B7-286E-43A6-96D3-BDAC9D69219A}"
EndProject
Project("{FAE04EC0-301F-11D3-BF4B-00C04F79EFBC}") = "Rask.Templates", "Rask.Templates\Rask.Templates.csproj", "{D2C3B4A5-1E2F-4A3B-9C8D-7E6F5A4B3C2D}"
EndProject
Project("{FAE04EC0-301F-11D3-BF4B-00C04F79EFBC}") = "Rask.Wasm.Hosting.Tests", "Rask.Wasm.Hosting.Tests\Rask.Wasm.Hosting.Tests.csproj", "{53751E32-B9B8-4333-B8A1-E685E6C58B7A}"
EndProject
Project("{FAE04EC0-301F-11D3-BF4B-00C04F79EFBC}") = "Rask.Validation.DataAnnotations", "Rask.Validation.DataAnnotations\Rask.Validation.DataAnnotations.csproj", "{FFA90D81-A2B6-44CF-8550-19C07D3E0254}"
EndProject
Project("{FAE04EC0-301F-11D3-BF4B-00C04F79EFBC}") = "Rask.Validation.DataAnnotations.Tests", "Rask.Validation.DataAnnotations.Tests\Rask.Validation.DataAnnotations.Tests.csproj", "{934464B9-951D-4D4E-BEDA-77E84AFFEE4D}"
EndProject
Project("{FAE04EC0-301F-11D3-BF4B-00C04F79EFBC}") = "Rask.Validation.FluentValidation", "Rask.Validation.FluentValidation\Rask.Validation.FluentValidation.csproj", "{46D19071-670E-4D80-BB08-AFB3FF3CB1A9}"
EndProject
Project("{FAE04EC0-301F-11D3-BF4B-00C04F79EFBC}") = "Rask.Validation.FluentValidation.Tests", "Rask.Validation.FluentValidation.Tests\Rask.Validation.FluentValidation.Tests.csproj", "{D4CA88B4-B9AD-4B79-92B7-6BF0772DA36C}"
EndProject
Project("{FAE04EC0-301F-11D3-BF4B-00C04F79EFBC}") = "Rask.Benchmarks", "Rask.Benchmarks\Rask.Benchmarks.csproj", "{56C1BCD7-32DF-4E9C-BCA4-E37C7A1DEF1F}"
EndProject
Project("{FAE04EC0-301F-11D3-BF4B-00C04F79EFBC}") = "Rask.Example.Shared.Tests", "Rask.Example.Shared.Tests\Rask.Example.Shared.Tests.csproj", "{CFAFDB22-5194-49F3-ADA8-2645E66AA09D}"
EndProject
Project("{FAE04EC0-301F-11D3-BF4B-00C04F79EFBC}") = "Rask.Example.Server.Tests", "Rask.Example.Server.Tests\Rask.Example.Server.Tests.csproj", "{B6B12028-2B3D-4650-AA07-EA06BBB17097}"
EndProject
Project("{FAE04EC0-301F-11D3-BF4B-00C04F79EFBC}") = "Rask.Example.Wasm.Tests", "Rask.Example.Wasm.Tests\Rask.Example.Wasm.Tests.csproj", "{BD43DCDB-C7F7-493B-BBD9-C1C85C8D118F}"
EndProject
Project("{FAE04EC0-301F-11D3-BF4B-00C04F79EFBC}") = "Rask.Example.Wasm.Host.Tests", "Rask.Example.Wasm.Host.Tests\Rask.Example.Wasm.Host.Tests.csproj", "{4080D75F-1576-4F2F-A15F-306DC068C916}"
EndProject
Project("{FAE04EC0-301F-11D3-BF4B-00C04F79EFBC}") = "Rask.Benchmarks.VsBlazor", "Rask.Benchmarks.VsBlazor\Rask.Benchmarks.VsBlazor.csproj", "{B089D642-5AAE-4C50-9E77-D622A85630AA}"
EndProject
Global
	GlobalSection(SolutionConfigurationPlatforms) = preSolution
		Debug|Any CPU = Debug|Any CPU
		Debug|x64 = Debug|x64
		Debug|x86 = Debug|x86
		Release|Any CPU = Release|Any CPU
		Release|x64 = Release|x64
		Release|x86 = Release|x86
	EndGlobalSection
	GlobalSection(ProjectConfigurationPlatforms) = postSolution
		{F0AD5A1F-D839-4871-B2E1-37E0DD2EEB79}.Debug|Any CPU.ActiveCfg = Debug|Any CPU
		{F0AD5A1F-D839-4871-B2E1-37E0DD2EEB79}.Debug|Any CPU.Build.0 = Debug|Any CPU
		{F0AD5A1F-D839-4871-B2E1-37E0DD2EEB79}.Debug|x64.ActiveCfg = Debug|Any CPU
		{F0AD5A1F-D839-4871-B2E1-37E0DD2EEB79}.Debug|x64.Build.0 = Debug|Any CPU
		{F0AD5A1F-D839-4871-B2E1-37E0DD2EEB79}.Debug|x86.ActiveCfg = Debug|Any CPU
		{F0AD5A1F-D839-4871-B2E1-37E0DD2EEB79}.Debug|x86.Build.0 = Debug|Any CPU
		{F0AD5A1F-D839-4871-B2E1-37E0DD2EEB79}.Release|Any CPU.ActiveCfg = Release|Any CPU
		{F0AD5A1F-D839-4871-B2E1-37E0DD2EEB79}.Release|Any CPU.Build.0 = Release|Any CPU
		{F0AD5A1F-D839-4871-B2E1-37E0DD2EEB79}.Release|x64.ActiveCfg = Release|Any CPU
		{F0AD5A1F-D839-4871-B2E1-37E0DD2EEB79}.Release|x64.Build.0 = Release|Any CPU
		{F0AD5A1F-D839-4871-B2E1-37E0DD2EEB79}.Release|x86.ActiveCfg = Release|Any CPU
		{F0AD5A1F-D839-4871-B2E1-37E0DD2EEB79}.Release|x86.Build.0 = Release|Any CPU
		{D6B09724-53C8-4B36-B63B-602D72522B43}.Debug|Any CPU.ActiveCfg = Debug|Any CPU
		{D6B09724-53C8-4B36-B63B-602D72522B43}.Debug|Any CPU.Build.0 = Debug|Any CPU
		{D6B09724-53C8-4B36-B63B-602D72522B43}.Debug|x64.ActiveCfg = Debug|Any CPU
		{D6B09724-53C8-4B36-B63B-602D72522B43}.Debug|x64.Build.0 = Debug|Any CPU
		{D6B09724-53C8-4B36-B63B-602D72522B43}.Debug|x86.ActiveCfg = Debug|Any CPU
		{D6B09724-53C8-4B36-B63B-602D72522B43}.Debug|x86.Build.0 = Debug|Any CPU
		{D6B09724-53C8-4B36-B63B-602D72522B43}.Release|Any CPU.ActiveCfg = Release|Any CPU
		{D6B09724-53C8-4B36-B63B-602D72522B43}.Release|Any CPU.Build.0 = Release|Any CPU
		{D6B09724-53C8-4B36-B63B-602D72522B43}.Release|x64.ActiveCfg = Release|Any CPU
		{D6B09724-53C8-4B36-B63B-602D72522B43}.Release|x64.Build.0 = Release|Any CPU
		{D6B09724-53C8-4B36-B63B-602D72522B43}.Release|x86.ActiveCfg = Release|Any CPU
		{D6B09724-53C8-4B36-B63B-602D72522B43}.Release|x86.Build.0 = Release|Any CPU
		{8A4B6E12-9F7C-4D3A-B1E9-7A2D5C8B6F11}.Debug|Any CPU.ActiveCfg = Debug|Any CPU
		{8A4B6E12-9F7C-4D3A-B1E9-7A2D5C8B6F11}.Debug|Any CPU.Build.0 = Debug|Any CPU
		{8A4B6E12-9F7C-4D3A-B1E9-7A2D5C8B6F11}.Release|Any CPU.ActiveCfg = Release|Any CPU
		{8A4B6E12-9F7C-4D3A-B1E9-7A2D5C8B6F11}.Release|Any CPU.Build.0 = Release|Any CPU
		{E2E29D21-E13A-41E2-AB0E-6227BC8D0873}.Debug|Any CPU.ActiveCfg = Debug|Any CPU
		{E2E29D21-E13A-41E2-AB0E-6227BC8D0873}.Debug|Any CPU.Build.0 = Debug|Any CPU
		{E2E29D21-E13A-41E2-AB0E-6227BC8D0873}.Debug|x64.ActiveCfg = Debug|Any CPU
		{E2E29D21-E13A-41E2-AB0E-6227BC8D0873}.Debug|x64.Build.0 = Debug|Any CPU
		{E2E29D21-E13A-41E2-AB0E-6227BC8D0873}.Debug|x86.ActiveCfg = Debug|Any CPU
		{E2E29D21-E13A-41E2-AB0E-6227BC8D0873}.Debug|x86.Build.0 = Debug|Any CPU
		{E2E29D21-E13A-41E2-AB0E-6227BC8D0873}.Release|Any CPU.ActiveCfg = Release|Any CPU
		{E2E29D21-E13A-41E2-AB0E-6227BC8D0873}.Release|Any CPU.Build.0 = Release|Any CPU
		{E2E29D21-E13A-41E2-AB0E-6227BC8D0873}.Release|x64.ActiveCfg = Release|Any CPU
		{E2E29D21-E13A-41E2-AB0E-6227BC8D0873}.Release|x64.Build.0 = Release|Any CPU
		{E2E29D21-E13A-41E2-AB0E-6227BC8D0873}.Release|x86.ActiveCfg = Release|Any CPU
		{E2E29D21-E13A-41E2-AB0E-6227BC8D0873}.Release|x86.Build.0 = Release|Any CPU
		{B01C070F-66E4-433F-8656-FA1ABD3CBAB9}.Debug|Any CPU.ActiveCfg = Debug|Any CPU
		{B01C070F-66E4-433F-8656-FA1ABD3CBAB9}.Debug|Any CPU.Build.0 = Debug|Any CPU
		{B01C070F-66E4-433F-8656-FA1ABD3CBAB9}.Debug|x64.ActiveCfg = Debug|Any CPU
		{B01C070F-66E4-433F-8656-FA1ABD3CBAB9}.Debug|x64.Build.0 = Debug|Any CPU
		{B01C070F-66E4-433F-8656-FA1ABD3CBAB9}.Debug|x86.ActiveCfg = Debug|Any CPU
		{B01C070F-66E4-433F-8656-FA1ABD3CBAB9}.Debug|x86.Build.0 = Debug|Any CPU
		{B01C070F-66E4-433F-8656-FA1ABD3CBAB9}.Release|Any CPU.ActiveCfg = Release|Any CPU
		{B01C070F-66E4-433F-8656-FA1ABD3CBAB9}.Release|Any CPU.Build.0 = Release|Any CPU
		{B01C070F-66E4-433F-8656-FA1ABD3CBAB9}.Release|x64.ActiveCfg = Release|Any CPU
		{B01C070F-66E4-433F-8656-FA1ABD3CBAB9}.Release|x64.Build.0 = Release|Any CPU
		{B01C070F-66E4-433F-8656-FA1ABD3CBAB9}.Release|x86.ActiveCfg = Release|Any CPU
		{B01C070F-66E4-433F-8656-FA1ABD3CBAB9}.Release|x86.Build.0 = Release|Any CPU
		{76BB22C2-39C9-4312-B56C-1F51B548F80A}.Debug|Any CPU.ActiveCfg = Debug|Any CPU
		{76BB22C2-39C9-4312-B56C-1F51B548F80A}.Debug|Any CPU.Build.0 = Debug|Any CPU
		{76BB22C2-39C9-4312-B56C-1F51B548F80A}.Debug|x64.ActiveCfg = Debug|Any CPU
		{76BB22C2-39C9-4312-B56C-1F51B548F80A}.Debug|x64.Build.0 = Debug|Any CPU
		{76BB22C2-39C9-4312-B56C-1F51B548F80A}.Debug|x86.ActiveCfg = Debug|Any CPU
		{76BB22C2-39C9-4312-B56C-1F51B548F80A}.Debug|x86.Build.0 = Debug|Any CPU
		{76BB22C2-39C9-4312-B56C-1F51B548F80A}.Release|Any CPU.ActiveCfg = Release|Any CPU
		{76BB22C2-39C9-4312-B56C-1F51B548F80A}.Release|Any CPU.Build.0 = Release|Any CPU
		{76BB22C2-39C9-4312-B56C-1F51B548F80A}.Release|x64.ActiveCfg = Release|Any CPU
		{76BB22C2-39C9-4312-B56C-1F51B548F80A}.Release|x64.Build.0 = Release|Any CPU
		{76BB22C2-39C9-4312-B56C-1F51B548F80A}.Release|x86.ActiveCfg = Release|Any CPU
		{76BB22C2-39C9-4312-B56C-1F51B548F80A}.Release|x86.Build.0 = Release|Any CPU
		{A1AA5C04-43EB-4504-8E6D-AE17DC3D4D57}.Debug|Any CPU.ActiveCfg = Debug|Any CPU
		{A1AA5C04-43EB-4504-8E6D-AE17DC3D4D57}.Debug|Any CPU.Build.0 = Debug|Any CPU
		{A1AA5C04-43EB-4504-8E6D-AE17DC3D4D57}.Debug|x64.ActiveCfg = Debug|Any CPU
		{A1AA5C04-43EB-4504-8E6D-AE17DC3D4D57}.Debug|x64.Build.0 = Debug|Any CPU
		{A1AA5C04-43EB-4504-8E6D-AE17DC3D4D57}.Debug|x86.ActiveCfg = Debug|Any CPU
		{A1AA5C04-43EB-4504-8E6D-AE17DC3D4D57}.Debug|x86.Build.0 = Debug|Any CPU
		{A1AA5C04-43EB-4504-8E6D-AE17DC3D4D57}.Release|Any CPU.ActiveCfg = Release|Any CPU
		{A1AA5C04-43EB-4504-8E6D-AE17DC3D4D57}.Release|Any CPU.Build.0 = Release|Any CPU
		{A1AA5C04-43EB-4504-8E6D-AE17DC3D4D57}.Release|x64.ActiveCfg = Release|Any CPU
		{A1AA5C04-43EB-4504-8E6D-AE17DC3D4D57}.Release|x64.Build.0 = Release|Any CPU
		{A1AA5C04-43EB-4504-8E6D-AE17DC3D4D57}.Release|x86.ActiveCfg = Release|Any CPU
		{A1AA5C04-43EB-4504-8E6D-AE17DC3D4D57}.Release|x86.Build.0 = Release|Any CPU
		{44867CD1-4052-4B03-BAA0-EED8BABB3454}.Debug|Any CPU.ActiveCfg = Debug|Any CPU
		{44867CD1-4052-4B03-BAA0-EED8BABB3454}.Debug|Any CPU.Build.0 = Debug|Any CPU
		{44867CD1-4052-4B03-BAA0-EED8BABB3454}.Debug|x64.ActiveCfg = Debug|Any CPU
		{44867CD1-4052-4B03-BAA0-EED8BABB3454}.Debug|x64.Build.0 = Debug|Any CPU
		{44867CD1-4052-4B03-BAA0-EED8BABB3454}.Debug|x86.ActiveCfg = Debug|Any CPU
		{44867CD1-4052-4B03-BAA0-EED8BABB3454}.Debug|x86.Build.0 = Debug|Any CPU
		{44867CD1-4052-4B03-BAA0-EED8BABB3454}.Release|Any CPU.ActiveCfg = Release|Any CPU
		{44867CD1-4052-4B03-BAA0-EED8BABB3454}.Release|Any CPU.Build.0 = Release|Any CPU
		{44867CD1-4052-4B03-BAA0-EED8BABB3454}.Release|x64.ActiveCfg = Release|Any CPU
		{44867CD1-4052-4B03-BAA0-EED8BABB3454}.Release|x64.Build.0 = Release|Any CPU
		{44867CD1-4052-4B03-BAA0-EED8BABB3454}.Release|x86.ActiveCfg = Release|Any CPU
		{44867CD1-4052-4B03-BAA0-EED8BABB3454}.Release|x86.Build.0 = Release|Any CPU
		{E91D245C-686A-4FB7-BCB8-560A959C6EB2}.Debug|Any CPU.ActiveCfg = Debug|Any CPU
		{E91D245C-686A-4FB7-BCB8-560A959C6EB2}.Debug|Any CPU.Build.0 = Debug|Any CPU
		{E91D245C-686A-4FB7-BCB8-560A959C6EB2}.Debug|x64.ActiveCfg = Debug|Any CPU
		{E91D245C-686A-4FB7-BCB8-560A959C6EB2}.Debug|x64.Build.0 = Debug|Any CPU
		{E91D245C-686A-4FB7-BCB8-560A959C6EB2}.Debug|x86.ActiveCfg = Debug|Any CPU
		{E91D245C-686A-4FB7-BCB8-560A959C6EB2}.Debug|x86.Build.0 = Debug|Any CPU
		{E91D245C-686A-4FB7-BCB8-560A959C6EB2}.Release|Any CPU.ActiveCfg = Release|Any CPU
		{E91D245C-686A-4FB7-BCB8-560A959C6EB2}.Release|Any CPU.Build.0 = Release|Any CPU
		{E91D245C-686A-4FB7-BCB8-560A959C6EB2}.Release|x64.ActiveCfg = Release|Any CPU
		{E91D245C-686A-4FB7-BCB8-560A959C6EB2}.Release|x64.Build.0 = Release|Any CPU
		{E91D245C-686A-4FB7-BCB8-560A959C6EB2}.Release|x86.ActiveCfg = Release|Any CPU
		{E91D245C-686A-4FB7-BCB8-560A959C6EB2}.Release|x86.Build.0 = Release|Any CPU
		{236292E8-5D5F-4061-9C71-F989EFC85932}.Debug|Any CPU.ActiveCfg = Debug|Any CPU
		{236292E8-5D5F-4061-9C71-F989EFC85932}.Debug|Any CPU.Build.0 = Debug|Any CPU
		{236292E8-5D5F-4061-9C71-F989EFC85932}.Debug|x64.ActiveCfg = Debug|Any CPU
		{236292E8-5D5F-4061-9C71-F989EFC85932}.Debug|x64.Build.0 = Debug|Any CPU
		{236292E8-5D5F-4061-9C71-F989EFC85932}.Debug|x86.ActiveCfg = Debug|Any CPU
		{236292E8-5D5F-4061-9C71-F989EFC85932}.Debug|x86.Build.0 = Debug|Any CPU
		{236292E8-5D5F-4061-9C71-F989EFC85932}.Release|Any CPU.ActiveCfg = Release|Any CPU
		{236292E8-5D5F-4061-9C71-F989EFC85932}.Release|Any CPU.Build.0 = Release|Any CPU
		{236292E8-5D5F-4061-9C71-F989EFC85932}.Release|x64.ActiveCfg = Release|Any CPU
		{236292E8-5D5F-4061-9C71-F989EFC85932}.Release|x64.Build.0 = Release|Any CPU
		{236292E8-5D5F-4061-9C71-F989EFC85932}.Release|x86.ActiveCfg = Release|Any CPU
		{236292E8-5D5F-4061-9C71-F989EFC85932}.Release|x86.Build.0 = Release|Any CPU
		{BB623245-BBF5-43FD-AA46-1B9216A53215}.Debug|Any CPU.ActiveCfg = Debug|Any CPU
		{BB623245-BBF5-43FD-AA46-1B9216A53215}.Debug|Any CPU.Build.0 = Debug|Any CPU
		{BB623245-BBF5-43FD-AA46-1B9216A53215}.Debug|x64.ActiveCfg = Debug|Any CPU
		{BB623245-BBF5-43FD-AA46-1B9216A53215}.Debug|x64.Build.0 = Debug|Any CPU
		{BB623245-BBF5-43FD-AA46-1B9216A53215}.Debug|x86.ActiveCfg = Debug|Any CPU
		{BB623245-BBF5-43FD-AA46-1B9216A53215}.Debug|x86.Build.0 = Debug|Any CPU
		{BB623245-BBF5-43FD-AA46-1B9216A53215}.Release|Any CPU.ActiveCfg = Release|Any CPU
		{BB623245-BBF5-43FD-AA46-1B9216A53215}.Release|Any CPU.Build.0 = Release|Any CPU
		{BB623245-BBF5-43FD-AA46-1B9216A53215}.Release|x64.ActiveCfg = Release|Any CPU
		{BB623245-BBF5-43FD-AA46-1B9216A53215}.Release|x64.Build.0 = Release|Any CPU
		{BB623245-BBF5-43FD-AA46-1B9216A53215}.Release|x86.ActiveCfg = Release|Any CPU
		{BB623245-BBF5-43FD-AA46-1B9216A53215}.Release|x86.Build.0 = Release|Any CPU
		{A959AA71-9862-460E-8995-FADD1CA2FD8E}.Debug|Any CPU.ActiveCfg = Debug|Any CPU
		{A959AA71-9862-460E-8995-FADD1CA2FD8E}.Debug|Any CPU.Build.0 = Debug|Any CPU
		{A959AA71-9862-460E-8995-FADD1CA2FD8E}.Debug|x64.ActiveCfg = Debug|Any CPU
		{A959AA71-9862-460E-8995-FADD1CA2FD8E}.Debug|x64.Build.0 = Debug|Any CPU
		{A959AA71-9862-460E-8995-FADD1CA2FD8E}.Debug|x86.ActiveCfg = Debug|Any CPU
		{A959AA71-9862-460E-8995-FADD1CA2FD8E}.Debug|x86.Build.0 = Debug|Any CPU
		{A959AA71-9862-460E-8995-FADD1CA2FD8E}.Release|Any CPU.ActiveCfg = Release|Any CPU
		{A959AA71-9862-460E-8995-FADD1CA2FD8E}.Release|Any CPU.Build.0 = Release|Any CPU
		{A959AA71-9862-460E-8995-FADD1CA2FD8E}.Release|x64.ActiveCfg = Release|Any CPU
		{A959AA71-9862-460E-8995-FADD1CA2FD8E}.Release|x64.Build.0 = Release|Any CPU
		{A959AA71-9862-460E-8995-FADD1CA2FD8E}.Release|x86.ActiveCfg = Release|Any CPU
		{A959AA71-9862-460E-8995-FADD1CA2FD8E}.Release|x86.Build.0 = Release|Any CPU
		{4770FA83-541F-4051-8EBD-FB9A887DDC91}.Debug|Any CPU.ActiveCfg = Debug|Any CPU
		{4770FA83-541F-4051-8EBD-FB9A887DDC91}.Debug|Any CPU.Build.0 = Debug|Any CPU
		{4770FA83-541F-4051-8EBD-FB9A887DDC91}.Debug|x64.ActiveCfg = Debug|Any CPU
		{4770FA83-541F-4051-8EBD-FB9A887DDC91}.Debug|x64.Build.0 = Debug|Any CPU
		{4770FA83-541F-4051-8EBD-FB9A887DDC91}.Debug|x86.ActiveCfg = Debug|Any CPU
		{4770FA83-541F-4051-8EBD-FB9A887DDC91}.Debug|x86.Build.0 = Debug|Any CPU
		{4770FA83-541F-4051-8EBD-FB9A887DDC91}.Release|Any CPU.ActiveCfg = Release|Any CPU
		{4770FA83-541F-4051-8EBD-FB9A887DDC91}.Release|Any CPU.Build.0 = Release|Any CPU
		{4770FA83-541F-4051-8EBD-FB9A887DDC91}.Release|x64.ActiveCfg = Release|Any CPU
		{4770FA83-541F-4051-8EBD-FB9A887DDC91}.Release|x64.Build.0 = Release|Any CPU
		{4770FA83-541F-4051-8EBD-FB9A887DDC91}.Release|x86.ActiveCfg = Release|Any CPU
		{4770FA83-541F-4051-8EBD-FB9A887DDC91}.Release|x86.Build.0 = Release|Any CPU
		{60E220B7-286E-43A6-96D3-BDAC9D69219A}.Debug|Any CPU.ActiveCfg = Debug|Any CPU
		{60E220B7-286E-43A6-96D3-BDAC9D69219A}.Debug|Any CPU.Build.0 = Debug|Any CPU
		{60E220B7-286E-43A6-96D3-BDAC9D69219A}.Debug|x64.ActiveCfg = Debug|Any CPU
		{60E220B7-286E-43A6-96D3-BDAC9D69219A}.Debug|x64.Build.0 = Debug|Any CPU
		{60E220B7-286E-43A6-96D3-BDAC9D69219A}.Debug|x86.ActiveCfg = Debug|Any CPU
		{60E220B7-286E-43A6-96D3-BDAC9D69219A}.Debug|x86.Build.0 = Debug|Any CPU
		{60E220B7-286E-43A6-96D3-BDAC9D69219A}.Release|Any CPU.ActiveCfg = Release|Any CPU
		{60E220B7-286E-43A6-96D3-BDAC9D69219A}.Release|Any CPU.Build.0 = Release|Any CPU
		{60E220B7-286E-43A6-96D3-BDAC9D69219A}.Release|x64.ActiveCfg = Release|Any CPU
		{60E220B7-286E-43A6-96D3-BDAC9D69219A}.Release|x64.Build.0 = Release|Any CPU
		{60E220B7-286E-43A6-96D3-BDAC9D69219A}.Release|x86.ActiveCfg = Release|Any CPU
		{60E220B7-286E-43A6-96D3-BDAC9D69219A}.Release|x86.Build.0 = Release|Any CPU
		{D2C3B4A5-1E2F-4A3B-9C8D-7E6F5A4B3C2D}.Debug|Any CPU.ActiveCfg = Debug|Any CPU
		{D2C3B4A5-1E2F-4A3B-9C8D-7E6F5A4B3C2D}.Debug|Any CPU.Build.0 = Debug|Any CPU
		{D2C3B4A5-1E2F-4A3B-9C8D-7E6F5A4B3C2D}.Release|Any CPU.ActiveCfg = Release|Any CPU
		{D2C3B4A5-1E2F-4A3B-9C8D-7E6F5A4B3C2D}.Release|Any CPU.Build.0 = Release|Any CPU
		{53751E32-B9B8-4333-B8A1-E685E6C58B7A}.Debug|Any CPU.ActiveCfg = Debug|Any CPU
		{53751E32-B9B8-4333-B8A1-E685E6C58B7A}.Debug|Any CPU.Build.0 = Debug|Any CPU
		{53751E32-B9B8-4333-B8A1-E685E6C58B7A}.Debug|x64.ActiveCfg = Debug|Any CPU
		{53751E32-B9B8-4333-B8A1-E685E6C58B7A}.Debug|x64.Build.0 = Debug|Any CPU
		{53751E32-B9B8-4333-B8A1-E685E6C58B7A}.Debug|x86.ActiveCfg = Debug|Any CPU
		{53751E32-B9B8-4333-B8A1-E685E6C58B7A}.Debug|x86.Build.0 = Debug|Any CPU
		{53751E32-B9B8-4333-B8A1-E685E6C58B7A}.Release|Any CPU.ActiveCfg = Release|Any CPU
		{53751E32-B9B8-4333-B8A1-E685E6C58B7A}.Release|Any CPU.Build.0 = Release|Any CPU
		{53751E32-B9B8-4333-B8A1-E685E6C58B7A}.Release|x64.ActiveCfg = Release|Any CPU
		{53751E32-B9B8-4333-B8A1-E685E6C58B7A}.Release|x64.Build.0 = Release|Any CPU
		{53751E32-B9B8-4333-B8A1-E685E6C58B7A}.Release|x86.ActiveCfg = Release|Any CPU
		{53751E32-B9B8-4333-B8A1-E685E6C58B7A}.Release|x86.Build.0 = Release|Any CPU
		{FFA90D81-A2B6-44CF-8550-19C07D3E0254}.Debug|Any CPU.ActiveCfg = Debug|Any CPU
		{FFA90D81-A2B6-44CF-8550-19C07D3E0254}.Debug|Any CPU.Build.0 = Debug|Any CPU
		{FFA90D81-A2B6-44CF-8550-19C07D3E0254}.Debug|x64.ActiveCfg = Debug|Any CPU
		{FFA90D81-A2B6-44CF-8550-19C07D3E0254}.Debug|x64.Build.0 = Debug|Any CPU
		{FFA90D81-A2B6-44CF-8550-19C07D3E0254}.Debug|x86.ActiveCfg = Debug|Any CPU
		{FFA90D81-A2B6-44CF-8550-19C07D3E0254}.Debug|x86.Build.0 = Debug|Any CPU
		{FFA90D81-A2B6-44CF-8550-19C07D3E0254}.Release|Any CPU.ActiveCfg = Release|Any CPU
		{FFA90D81-A2B6-44CF-8550-19C07D3E0254}.Release|Any CPU.Build.0 = Release|Any CPU
		{FFA90D81-A2B6-44CF-8550-19C07D3E0254}.Release|x64.ActiveCfg = Release|Any CPU
		{FFA90D81-A2B6-44CF-8550-19C07D3E0254}.Release|x64.Build.0 = Release|Any CPU
		{FFA90D81-A2B6-44CF-8550-19C07D3E0254}.Release|x86.ActiveCfg = Release|Any CPU
		{FFA90D81-A2B6-44CF-8550-19C07D3E0254}.Release|x86.Build.0 = Release|Any CPU
		{934464B9-951D-4D4E-BEDA-77E84AFFEE4D}.Debug|Any CPU.ActiveCfg = Debug|Any CPU
		{934464B9-951D-4D4E-BEDA-77E84AFFEE4D}.Debug|Any CPU.Build.0 = Debug|Any CPU
		{934464B9-951D-4D4E-BEDA-77E84AFFEE4D}.Debug|x64.ActiveCfg = Debug|Any CPU
		{934464B9-951D-4D4E-BEDA-77E84AFFEE4D}.Debug|x64.Build.0 = Debug|Any CPU
		{934464B9-951D-4D4E-BEDA-77E84AFFEE4D}.Debug|x86.ActiveCfg = Debug|Any CPU
		{934464B9-951D-4D4E-BEDA-77E84AFFEE4D}.Debug|x86.Build.0 = Debug|Any CPU
		{934464B9-951D-4D4E-BEDA-77E84AFFEE4D}.Release|Any CPU.ActiveCfg = Release|Any CPU
		{934464B9-951D-4D4E-BEDA-77E84AFFEE4D}.Release|Any CPU.Build.0 = Release|Any CPU
		{934464B9-951D-4D4E-BEDA-77E84AFFEE4D}.Release|x64.ActiveCfg = Release|Any CPU
		{934464B9-951D-4D4E-BEDA-77E84AFFEE4D}.Release|x64.Build.0 = Release|Any CPU
		{934464B9-951D-4D4E-BEDA-77E84AFFEE4D}.Release|x86.ActiveCfg = Release|Any CPU
		{934464B9-951D-4D4E-BEDA-77E84AFFEE4D}.Release|x86.Build.0 = Release|Any CPU
		{46D19071-670E-4D80-BB08-AFB3FF3CB1A9}.Debug|Any CPU.ActiveCfg = Debug|Any CPU
		{46D19071-670E-4D80-BB08-AFB3FF3CB1A9}.Debug|Any CPU.Build.0 = Debug|Any CPU
		{46D19071-670E-4D80-BB08-AFB3FF3CB1A9}.Debug|x64.ActiveCfg = Debug|Any CPU
		{46D19071-670E-4D80-BB08-AFB3FF3CB1A9}.Debug|x64.Build.0 = Debug|Any CPU
		{46D19071-670E-4D80-BB08-AFB3FF3CB1A9}.Debug|x86.ActiveCfg = Debug|Any CPU
		{46D19071-670E-4D80-BB08-AFB3FF3CB1A9}.Debug|x86.Build.0 = Debug|Any CPU
		{46D19071-670E-4D80-BB08-AFB3FF3CB1A9}.Release|Any CPU.ActiveCfg = Release|Any CPU
		{46D19071-670E-4D80-BB08-AFB3FF3CB1A9}.Release|Any CPU.Build.0 = Release|Any CPU
		{46D19071-670E-4D80-BB08-AFB3FF3CB1A9}.Release|x64.ActiveCfg = Release|Any CPU
		{46D19071-670E-4D80-BB08-AFB3FF3CB1A9}.Release|x64.Build.0 = Release|Any CPU
		{46D19071-670E-4D80-BB08-AFB3FF3CB1A9}.Release|x86.ActiveCfg = Release|Any CPU
		{46D19071-670E-4D80-BB08-AFB3FF3CB1A9}.Release|x86.Build.0 = Release|Any CPU
		{D4CA88B4-B9AD-4B79-92B7-6BF0772DA36C}.Debug|Any CPU.ActiveCfg = Debug|Any CPU
		{D4CA88B4-B9AD-4B79-92B7-6BF0772DA36C}.Debug|Any CPU.Build.0 = Debug|Any CPU
		{D4CA88B4-B9AD-4B79-92B7-6BF0772DA36C}.Debug|x64.ActiveCfg = Debug|Any CPU
		{D4CA88B4-B9AD-4B79-92B7-6BF0772DA36C}.Debug|x64.Build.0 = Debug|Any CPU
		{D4CA88B4-B9AD-4B79-92B7-6BF0772DA36C}.Debug|x86.ActiveCfg = Debug|Any CPU
		{D4CA88B4-B9AD-4B79-92B7-6BF0772DA36C}.Debug|x86.Build.0 = Debug|Any CPU
		{D4CA88B4-B9AD-4B79-92B7-6BF0772DA36C}.Release|Any CPU.ActiveCfg = Release|Any CPU
		{D4CA88B4-B9AD-4B79-92B7-6BF0772DA36C}.Release|Any CPU.Build.0 = Release|Any CPU
		{D4CA88B4-B9AD-4B79-92B7-6BF0772DA36C}.Release|x64.ActiveCfg = Release|Any CPU
		{D4CA88B4-B9AD-4B79-92B7-6BF0772DA36C}.Release|x64.Build.0 = Release|Any CPU
		{D4CA88B4-B9AD-4B79-92B7-6BF0772DA36C}.Release|x86.ActiveCfg = Release|Any CPU
		{D4CA88B4-B9AD-4B79-92B7-6BF0772DA36C}.Release|x86.Build.0 = Release|Any CPU
		{56C1BCD7-32DF-4E9C-BCA4-E37C7A1DEF1F}.Debug|Any CPU.ActiveCfg = Debug|Any CPU
		{56C1BCD7-32DF-4E9C-BCA4-E37C7A1DEF1F}.Debug|Any CPU.Build.0 = Debug|Any CPU
		{56C1BCD7-32DF-4E9C-BCA4-E37C7A1DEF1F}.Debug|x64.ActiveCfg = Debug|Any CPU
		{56C1BCD7-32DF-4E9C-BCA4-E37C7A1DEF1F}.Debug|x64.Build.0 = Debug|Any CPU
		{56C1BCD7-32DF-4E9C-BCA4-E37C7A1DEF1F}.Debug|x86.ActiveCfg = Debug|Any CPU
		{56C1BCD7-32DF-4E9C-BCA4-E37C7A1DEF1F}.Debug|x86.Build.0 = Debug|Any CPU
		{56C1BCD7-32DF-4E9C-BCA4-E37C7A1DEF1F}.Release|Any CPU.ActiveCfg = Release|Any CPU
		{56C1BCD7-32DF-4E9C-BCA4-E37C7A1DEF1F}.Release|Any CPU.Build.0 = Release|Any CPU
		{56C1BCD7-32DF-4E9C-BCA4-E37C7A1DEF1F}.Release|x64.ActiveCfg = Release|Any CPU
		{56C1BCD7-32DF-4E9C-BCA4-E37C7A1DEF1F}.Release|x64.Build.0 = Release|Any CPU
		{56C1BCD7-32DF-4E9C-BCA4-E37C7A1DEF1F}.Release|x86.ActiveCfg = Release|Any CPU
		{56C1BCD7-32DF-4E9C-BCA4-E37C7A1DEF1F}.Release|x86.Build.0 = Release|Any CPU
		{CFAFDB22-5194-49F3-ADA8-2645E66AA09D}.Debug|Any CPU.ActiveCfg = Debug|Any CPU
		{CFAFDB22-5194-49F3-ADA8-2645E66AA09D}.Debug|Any CPU.Build.0 = Debug|Any CPU
		{CFAFDB22-5194-49F3-ADA8-2645E66AA09D}.Debug|x64.ActiveCfg = Debug|Any CPU
		{CFAFDB22-5194-49F3-ADA8-2645E66AA09D}.Debug|x64.Build.0 = Debug|Any CPU
		{CFAFDB22-5194-49F3-ADA8-2645E66AA09D}.Debug|x86.ActiveCfg = Debug|Any CPU
		{CFAFDB22-5194-49F3-ADA8-2645E66AA09D}.Debug|x86.Build.0 = Debug|Any CPU
		{CFAFDB22-5194-49F3-ADA8-2645E66AA09D}.Release|Any CPU.ActiveCfg = Release|Any CPU
		{CFAFDB22-5194-49F3-ADA8-2645E66AA09D}.Release|Any CPU.Build.0 = Release|Any CPU
		{CFAFDB22-5194-49F3-ADA8-2645E66AA09D}.Release|x64.ActiveCfg = Release|Any CPU
		{CFAFDB22-5194-49F3-ADA8-2645E66AA09D}.Release|x64.Build.0 = Release|Any CPU
		{CFAFDB22-5194-49F3-ADA8-2645E66AA09D}.Release|x86.ActiveCfg = Release|Any CPU
		{CFAFDB22-5194-49F3-ADA8-2645E66AA09D}.Release|x86.Build.0 = Release|Any CPU
		{B6B12028-2B3D-4650-AA07-EA06BBB17097}.Debug|Any CPU.ActiveCfg = Debug|Any CPU
		{B6B12028-2B3D-4650-AA07-EA06BBB17097}.Debug|Any CPU.Build.0 = Debug|Any CPU
		{B6B12028-2B3D-4650-AA07-EA06BBB17097}.Debug|x64.ActiveCfg = Debug|Any CPU
		{B6B12028-2B3D-4650-AA07-EA06BBB17097}.Debug|x64.Build.0 = Debug|Any CPU
		{B6B12028-2B3D-4650-AA07-EA06BBB17097}.Debug|x86.ActiveCfg = Debug|Any CPU
		{B6B12028-2B3D-4650-AA07-EA06BBB17097}.Debug|x86.Build.0 = Debug|Any CPU
		{B6B12028-2B3D-4650-AA07-EA06BBB17097}.Release|Any CPU.ActiveCfg = Release|Any CPU
		{B6B12028-2B3D-4650-AA07-EA06BBB17097}.Release|Any CPU.Build.0 = Release|Any CPU
		{B6B12028-2B3D-4650-AA07-EA06BBB17097}.Release|x64.ActiveCfg = Release|Any CPU
		{B6B12028-2B3D-4650-AA07-EA06BBB17097}.Release|x64.Build.0 = Release|Any CPU
		{B6B12028-2B3D-4650-AA07-EA06BBB17097}.Release|x86.ActiveCfg = Release|Any CPU
		{B6B12028-2B3D-4650-AA07-EA06BBB17097}.Release|x86.Build.0 = Release|Any CPU
		{BD43DCDB-C7F7-493B-BBD9-C1C85C8D118F}.Debug|Any CPU.ActiveCfg = Debug|Any CPU
		{BD43DCDB-C7F7-493B-BBD9-C1C85C8D118F}.Debug|Any CPU.Build.0 = Debug|Any CPU
		{BD43DCDB-C7F7-493B-BBD9-C1C85C8D118F}.Debug|x64.ActiveCfg = Debug|Any CPU
		{BD43DCDB-C7F7-493B-BBD9-C1C85C8D118F}.Debug|x64.Build.0 = Debug|Any CPU
		{BD43DCDB-C7F7-493B-BBD9-C1C85C8D118F}.Debug|x86.ActiveCfg = Debug|Any CPU
		{BD43DCDB-C7F7-493B-BBD9-C1C85C8D118F}.Debug|x86.Build.0 = Debug|Any CPU
		{BD43DCDB-C7F7-493B-BBD9-C1C85C8D118F}.Release|Any CPU.ActiveCfg = Release|Any CPU
		{BD43DCDB-C7F7-493B-BBD9-C1C85C8D118F}.Release|Any CPU.Build.0 = Release|Any CPU
		{BD43DCDB-C7F7-493B-BBD9-C1C85C8D118F}.Release|x64.ActiveCfg = Release|Any CPU
		{BD43DCDB-C7F7-493B-BBD9-C1C85C8D118F}.Release|x64.Build.0 = Release|Any CPU
		{BD43DCDB-C7F7-493B-BBD9-C1C85C8D118F}.Release|x86.ActiveCfg = Release|Any CPU
		{BD43DCDB-C7F7-493B-BBD9-C1C85C8D118F}.Release|x86.Build.0 = Release|Any CPU
		{4080D75F-1576-4F2F-A15F-306DC068C916}.Debug|Any CPU.ActiveCfg = Debug|Any CPU
		{4080D75F-1576-4F2F-A15F-306DC068C916}.Debug|Any CPU.Build.0 = Debug|Any CPU
		{4080D75F-1576-4F2F-A15F-306DC068C916}.Debug|x64.ActiveCfg = Debug|Any CPU
		{4080D75F-1576-4F2F-A15F-306DC068C916}.Debug|x64.Build.0 = Debug|Any CPU
		{4080D75F-1576-4F2F-A15F-306DC068C916}.Debug|x86.ActiveCfg = Debug|Any CPU
		{4080D75F-1576-4F2F-A15F-306DC068C916}.Debug|x86.Build.0 = Debug|Any CPU
		{4080D75F-1576-4F2F-A15F-306DC068C916}.Release|Any CPU.ActiveCfg = Release|Any CPU
		{4080D75F-1576-4F2F-A15F-306DC068C916}.Release|Any CPU.Build.0 = Release|Any CPU
		{4080D75F-1576-4F2F-A15F-306DC068C916}.Release|x64.ActiveCfg = Release|Any CPU
		{4080D75F-1576-4F2F-A15F-306DC068C916}.Release|x64.Build.0 = Release|Any CPU
		{4080D75F-1576-4F2F-A15F-306DC068C916}.Release|x86.ActiveCfg = Release|Any CPU
		{4080D75F-1576-4F2F-A15F-306DC068C916}.Release|x86.Build.0 = Release|Any CPU
		{B089D642-5AAE-4C50-9E77-D622A85630AA}.Debug|Any CPU.ActiveCfg = Debug|Any CPU
		{B089D642-5AAE-4C50-9E77-D622A85630AA}.Debug|Any CPU.Build.0 = Debug|Any CPU
		{B089D642-5AAE-4C50-9E77-D622A85630AA}.Debug|x64.ActiveCfg = Debug|Any CPU
		{B089D642-5AAE-4C50-9E77-D622A85630AA}.Debug|x64.Build.0 = Debug|Any CPU
		{B089D642-5AAE-4C50-9E77-D622A85630AA}.Debug|x86.ActiveCfg = Debug|Any CPU
		{B089D642-5AAE-4C50-9E77-D622A85630AA}.Debug|x86.Build.0 = Debug|Any CPU
		{B089D642-5AAE-4C50-9E77-D622A85630AA}.Release|Any CPU.ActiveCfg = Release|Any CPU
		{B089D642-5AAE-4C50-9E77-D622A85630AA}.Release|Any CPU.Build.0 = Release|Any CPU
		{B089D642-5AAE-4C50-9E77-D622A85630AA}.Release|x64.ActiveCfg = Release|Any CPU
		{B089D642-5AAE-4C50-9E77-D622A85630AA}.Release|x64.Build.0 = Release|Any CPU
		{B089D642-5AAE-4C50-9E77-D622A85630AA}.Release|x86.ActiveCfg = Release|Any CPU
		{B089D642-5AAE-4C50-9E77-D622A85630AA}.Release|x86.Build.0 = Release|Any CPU
	EndGlobalSection
	GlobalSection(SolutionProperties) = preSolution
		HideSolutionNode = FALSE
	EndGlobalSection
EndGlobal
