<Solution>
    <Folder Name="/benchmarks/">
    <Project Path="benchmarks/Rask.Benchmarks.Sqlite/Rask.Benchmarks.Sqlite.csproj"/>
        <Project Path="benchmarks/Rask.Benchmarks.VsBlazor/Rask.Benchmarks.VsBlazor.csproj"/>
        <Project Path="benchmarks/Rask.Benchmarks/Rask.Benchmarks.csproj"/>
    </Folder>
    <Folder Name="/samples/">
        <Project Path="samples/Rask.Example.Auth/Rask.Example.Auth.csproj"/>
        <Project Path="samples/Rask.Example.Auth.Jwt/Rask.Example.Auth.Jwt.csproj"/>
        <Project Path="samples/Rask.Example.Auth.WasmCookie/Rask.Example.Auth.WasmCookie.csproj"/>
        <Project Path="samples/Rask.Example.Auth.WasmCookie.Host/Rask.Example.Auth.WasmCookie.Host.csproj"/>
        <Project Path="samples/Rask.Example.Auth.WasmJwt/Rask.Example.Auth.WasmJwt.csproj"/>
        <Project Path="samples/Rask.Example.Auth.WasmJwt.Host/Rask.Example.Auth.WasmJwt.Host.csproj"/>
        <Project Path="samples/Rask.Example.EfCore/Rask.Example.EfCore.csproj"/>
        <Project Path="samples/Rask.Example.Playground/Rask.Example.Playground.csproj"/>
        <Project Path="samples/Rask.Example.Razor/Rask.Example.Razor.csproj"/>
        <Project Path="samples/Rask.Example.Server/Rask.Example.Server.csproj"/>
        <Project Path="samples/Rask.Example.Shop/Rask.Example.Shop.csproj"/>
        <Project Path="samples/Rask.Example.Shared/Rask.Example.Shared.csproj"/>
        <Project Path="samples/Rask.Example.Sqlite/Rask.Example.Sqlite.csproj"/>
        <Project Path="samples/Rask.Example.Site/Rask.Example.Site.csproj"/>
        <Project Path="samples/Rask.Example.Wasm.Jobs/Rask.Example.Wasm.Jobs.csproj"/>
        <Project Path="samples/Rask.Example.Wasm.Host/Rask.Example.Wasm.Host.csproj"/>
        <Project Path="samples/Rask.Example.Wasm/Rask.Example.Wasm.csproj"/>
    </Folder>
    <Folder Name="/src/">
        <Project Path="src/Rask.Auth.Client/Rask.Auth.Client.csproj"/>
        <Project Path="src/Rask.Auth/Rask.Auth.csproj"/>
        <Project Path="src/Rask.Cache/Rask.Cache.csproj"/>
        <Project Path="src/Rask.Cli/Rask.Cli.csproj"/>
        <Project Path="src/Rask.Core/Rask.Core.csproj"/>
        <Project Path="src/Rask.Api.Client/Rask.Api.Client.csproj"/>
        <Project Path="src/Rask.Api/Rask.Api.csproj"/>
        <Project Path="src/Rask.Cqrs/Rask.Cqrs.csproj"/>
        <Project Path="src/Rask.Batteries.Generators/Rask.Batteries.Generators.csproj"/>
        <Project Path="src/Rask.Cqrs.Client/Rask.Cqrs.Client.csproj"/>
        <Project Path="src/Rask.Cqrs.Server/Rask.Cqrs.Server.csproj"/>
        <Project Path="src/Rask.Dashboard/Rask.Dashboard.csproj"/>
        <Project Path="src/Rask.Data/Rask.Data.csproj"/>
        <Project Path="src/Rask.Jobs/Rask.Jobs.csproj"/>
        <Project Path="src/Rask.Logging/Rask.Logging.csproj"/>
        <Project Path="src/Rask.Mail/Rask.Mail.csproj"/>
        <Project Path="src/Rask.Outbox/Rask.Outbox.csproj"/>
        <Project Path="src/Rask.Html/Rask.Html.csproj"/>
        <Project Path="src/Rask.Blazor/Rask.Blazor.csproj"/>
        <Project Path="src/Rask.External/Rask.External.csproj"/>
        <Project Path="src/Rask.External.Tasks/Rask.External.Tasks.csproj"/>
        <Project Path="src/Rask.Generators/Rask.Generators.csproj"/>
        <Project Path="src/Rask.Generators.CodeFixes/Rask.Generators.CodeFixes.csproj"/>
        <Project Path="src/Rask/Rask.csproj"/>
        <Project Path="src/Rask.Server/Rask.Server.csproj"/>
        <Project Path="src/Rask.Signaling/Rask.Signaling.csproj"/>
        <Project Path="src/Rask.Query/Rask.Query.csproj"/>
        <Project Path="src/Rask.Meta.Hosting/Rask.Meta.Hosting.csproj"/>
        <Project Path="src/Rask.Spa.Hosting/Rask.Spa.Hosting.csproj"/>
        <Project Path="src/Rask.Spa.Tasks/Rask.Spa.Tasks.csproj"/>
        <Project Path="src/Rask.Tailwind/Rask.Tailwind.csproj"/>
        <Project Path="src/Rask.Tailwind.Tasks/Rask.Tailwind.Tasks.csproj"/>
        <Project Path="src/Rask.TypeScript.Tasks/Rask.TypeScript.Tasks.csproj"/>
        <Project Path="src/Rask.SQLite/Rask.SQLite.csproj"/>
        <Project Path="src/Rask.SQLite.EntityFrameworkCore/Rask.SQLite.EntityFrameworkCore.csproj"/>
        <Project Path="src/Rask.SQLite.Litestream/Rask.SQLite.Litestream.csproj"/>
        <Project Path="src/Rask.SQLite.Snapshots/Rask.SQLite.Snapshots.csproj"/>
        <Project Path="src/Rask.SQLite.Browser/Rask.SQLite.Browser.csproj"/>
        <Project Path="src/Rask.Validation.FluentValidation/Rask.Validation.FluentValidation.csproj"/>
        <Project Path="src/Rask.Testing/Rask.Testing.csproj"/>
        <Project Path="src/Rask.WebPush/Rask.WebPush.csproj"/>
        <Project Path="src/Rask.Wasm.Hosting/Rask.Wasm.Hosting.csproj"/>
        <Project Path="src/Rask.Wasm.Tasks/Rask.Wasm.Tasks.csproj"/>
        <Project Path="src/Rask.Wasm/Rask.Wasm.csproj"/>
        <Project Path="src/Rask.Wire/Rask.Wire.csproj"/>
    </Folder>
    <Folder Name="/tests/">
        <Project Path="tests/Rask.Auth.Client.Tests/Rask.Auth.Client.Tests.csproj"/>
        <Project Path="tests/Rask.Auth.Tests/Rask.Auth.Tests.csproj"/>
        <Project Path="tests/Rask.Api.Client.Tests/Rask.Api.Client.Tests.csproj"/>
        <Project Path="tests/Rask.Api.Generators.Tests/Rask.Api.Generators.Tests.csproj"/>
        <Project Path="tests/Rask.Api.Tests/Rask.Api.Tests.csproj"/>
        <Project Path="tests/Rask.Cache.Tests/Rask.Cache.Tests.csproj"/>
        <Project Path="tests/Rask.Cli.Tests/Rask.Cli.Tests.csproj"/>
        <Project Path="tests/Rask.Core.Tests/Rask.Core.Tests.csproj"/>
        <Project Path="tests/Rask.Cqrs.Tests/Rask.Cqrs.Tests.csproj"/>
        <Project Path="tests/Rask.Batteries.Generators.Tests/Rask.Batteries.Generators.Tests.csproj"/>
        <Project Path="tests/Rask.Cqrs.Codecs.Tests/Rask.Cqrs.Codecs.Tests.csproj"/>
        <Project Path="tests/Rask.Cqrs.Client.Tests/Rask.Cqrs.Client.Tests.csproj"/>
        <Project Path="tests/Rask.Cqrs.Server.Tests/Rask.Cqrs.Server.Tests.csproj"/>
        <Project Path="tests/Rask.Cqrs.Transport.Tests/Rask.Cqrs.Transport.Tests.csproj"/>
        <Project Path="tests/Rask.Dashboard.Tests/Rask.Dashboard.Tests.csproj"/>
        <Project Path="tests/Rask.Data.Tests/Rask.Data.Tests.csproj"/>
        <Project Path="tests/Rask.Html.Tests/Rask.Html.Tests.csproj"/>
        <Project Path="tests/Rask.Blazor.Library.Fixture/Rask.Blazor.Library.Fixture.csproj"/>
        <Project Path="tests/Rask.Blazor.Tests/Rask.Blazor.Tests.csproj"/>
        <Project Path="tests/Rask.External.Tests/Rask.External.Tests.csproj"/>
        <Project Path="tests/Rask.External.Tasks.Tests/Rask.External.Tasks.Tests.csproj"/>
        <Project Path="tests/Rask.Jobs.Tests/Rask.Jobs.Tests.csproj"/>
        <Project Path="tests/Rask.Logging.Tests/Rask.Logging.Tests.csproj"/>
        <Project Path="tests/Rask.Mail.Tests/Rask.Mail.Tests.csproj"/>
        <Project Path="tests/Rask.Outbox.Tests/Rask.Outbox.Tests.csproj"/>
        <Project Path="tests/Rask.Example.EfCore.Tests/Rask.Example.EfCore.Tests.csproj"/>
        <Project Path="tests/Rask.Example.Playground.Tests/Rask.Example.Playground.Tests.csproj"/>
        <Project Path="tests/Rask.Example.Server.Tests/Rask.Example.Server.Tests.csproj"/>
        <Project Path="tests/Rask.Example.Shop.Tests/Rask.Example.Shop.Tests.csproj"/>
        <Project Path="tests/Rask.Example.Shared.Tests/Rask.Example.Shared.Tests.csproj"/>
        <Project Path="tests/Rask.Example.Site.Tests/Rask.Example.Site.Tests.csproj"/>
        <Project Path="tests/Rask.Example.Wasm.Host.Tests/Rask.Example.Wasm.Host.Tests.csproj"/>
        <Project Path="tests/Rask.Example.Wasm.Tests/Rask.Example.Wasm.Tests.csproj"/>
        <Project Path="tests/Rask.Examples.E2E.Tests/Rask.Examples.E2E.Tests.csproj"/>
        <Project Path="tests/Rask.Generators.Tests/Rask.Generators.Tests.csproj"/>
        <Project Path="tests/Rask.Server.HotReload.Tests/Rask.Server.HotReload.Tests.csproj"/>
        <Project Path="tests/Rask.Tests/Rask.Tests.csproj"/>
        <Project Path="tests/Rask.Server.Tests/Rask.Server.Tests.csproj"/>
        <Project Path="tests/Rask.Signaling.Tests/Rask.Signaling.Tests.csproj"/>
        <Project Path="tests/Rask.Query.Tests/Rask.Query.Tests.csproj"/>
        <Project Path="tests/Rask.Meta.Hosting.Tests/Rask.Meta.Hosting.Tests.csproj"/>
        <Project Path="tests/Rask.Spa.Hosting.Tests/Rask.Spa.Hosting.Tests.csproj"/>
        <Project Path="tests/Rask.Spa.Tasks.Tests/Rask.Spa.Tasks.Tests.csproj"/>
        <Project Path="tests/Rask.Tailwind.Tasks.Tests/Rask.Tailwind.Tasks.Tests.csproj"/>
        <Project Path="tests/Rask.TypeScript.Tasks.Tests/Rask.TypeScript.Tasks.Tests.csproj"/>
        <Project Path="tests/Rask.SQLite.Tests/Rask.SQLite.Tests.csproj"/>
        <Project Path="tests/Rask.SQLite.EntityFrameworkCore.Tests/Rask.SQLite.EntityFrameworkCore.Tests.csproj"/>
        <Project Path="tests/Rask.SQLite.Limitations.Tests/Rask.SQLite.Limitations.Tests.csproj"/>
        <Project Path="tests/Rask.SQLite.Litestream.Tests/Rask.SQLite.Litestream.Tests.csproj"/>
        <Project Path="tests/Rask.SQLite.Snapshots.Tests/Rask.SQLite.Snapshots.Tests.csproj"/>
        <Project Path="tests/Rask.SQLite.Browser.Tests/Rask.SQLite.Browser.Tests.csproj"/>
        <Project Path="tests/Rask.TestSupport/Rask.TestSupport.csproj"/>
        <Project Path="tests/Rask.Validation.Tests/Rask.Validation.Tests.csproj"/>
        <Project Path="tests/Rask.Validation.FluentValidation.Tests/Rask.Validation.FluentValidation.Tests.csproj"/>
        <Project Path="tests/Rask.Testing.Tests/Rask.Testing.Tests.csproj"/>
        <Project Path="tests/Rask.WebPush.Tests/Rask.WebPush.Tests.csproj"/>
        <Project Path="tests/Rask.Wasm.Hosting.Tests/Rask.Wasm.Hosting.Tests.csproj"/>
        <Project Path="tests/Rask.Wasm.Tasks.Tests/Rask.Wasm.Tasks.Tests.csproj"/>
        <Project Path="tests/Rask.Wasm.Tests/Rask.Wasm.Tests.csproj"/>
        <Project Path="tests/Rask.Wire.Tests/Rask.Wire.Tests.csproj"/>
    </Folder>
</Solution>
