<Solution>
    <Folder Name="/benchmarks/">
        <Project Path="benchmarks/Rask.Benchmarks.VsBlazor/Rask.Benchmarks.VsBlazor.csproj"/>
        <Project Path="benchmarks/Rask.Benchmarks/Rask.Benchmarks.csproj"/>
    </Folder>
    <Folder Name="/samples/">
        <Project Path="samples/Rask.Example.Auth/Rask.Example.Auth.csproj"/>
        <Project Path="samples/Rask.Example.Auth.Jwt/Rask.Example.Auth.Jwt.csproj"/>
        <Project Path="samples/Rask.Example.Auth.WasmCookie/Rask.Example.Auth.WasmCookie.csproj"/>
        <Project Path="samples/Rask.Example.Auth.WasmCookie.Host/Rask.Example.Auth.WasmCookie.Host.csproj"/>
        <Project Path="samples/Rask.Example.Auth.WasmJwt/Rask.Example.Auth.WasmJwt.csproj"/>
        <Project Path="samples/Rask.Example.Auth.WasmJwt.Host/Rask.Example.Auth.WasmJwt.Host.csproj"/>
        <Project Path="samples/Rask.Example.EfCore/Rask.Example.EfCore.csproj"/>
        <Project Path="samples/Rask.Example.Server/Rask.Example.Server.csproj"/>
        <Project Path="samples/Rask.Example.Shared/Rask.Example.Shared.csproj"/>
        <Project Path="samples/Rask.Example.Wasm.Host/Rask.Example.Wasm.Host.csproj"/>
        <Project Path="samples/Rask.Example.Wasm/Rask.Example.Wasm.csproj"/>
    </Folder>
    <Folder Name="/src/">
        <Project Path="src/Rask.Bootstrap/Rask.Bootstrap.csproj"/>
        <Project Path="src/Rask.Core/Rask.Core.csproj"/>
        <Project Path="src/Rask.Cqrs/Rask.Cqrs.csproj"/>
        <Project Path="src/Rask.Cqrs.Generators/Rask.Cqrs.Generators.csproj"/>
        <Project Path="src/Rask.Generators/Rask.Generators.csproj"/>
        <Project Path="src/Rask.Generators.CodeFixes/Rask.Generators.CodeFixes.csproj"/>
        <Project Path="src/Rask.Native/Rask.Native.csproj"/>
        <Project Path="src/Rask.Server/Rask.Server.csproj"/>
        <Project Path="src/Rask.Templates/Rask.Templates.csproj"/>
        <Project Path="src/Rask.Validation.DataAnnotations/Rask.Validation.DataAnnotations.csproj"/>
        <Project Path="src/Rask.Validation.FluentValidation/Rask.Validation.FluentValidation.csproj"/>
        <Project Path="src/Rask.Testing/Rask.Testing.csproj"/>
        <Project Path="src/Rask.WebPush/Rask.WebPush.csproj"/>
        <Project Path="src/Rask.Wasm.Hosting/Rask.Wasm.Hosting.csproj"/>
        <Project Path="src/Rask.Wasm.Tasks/Rask.Wasm.Tasks.csproj"/>
        <Project Path="src/Rask.Wasm/Rask.Wasm.csproj"/>
    </Folder>
    <Folder Name="/tests/">
        <Project Path="tests/Rask.Bootstrap.Tests/Rask.Bootstrap.Tests.csproj"/>
        <Project Path="tests/Rask.Core.Tests/Rask.Core.Tests.csproj"/>
        <Project Path="tests/Rask.Cqrs.Tests/Rask.Cqrs.Tests.csproj"/>
        <Project Path="tests/Rask.Cqrs.Generators.Tests/Rask.Cqrs.Generators.Tests.csproj"/>
        <Project Path="tests/Rask.Example.EfCore.Tests/Rask.Example.EfCore.Tests.csproj"/>
        <Project Path="tests/Rask.Example.Server.Tests/Rask.Example.Server.Tests.csproj"/>
        <Project Path="tests/Rask.Example.Shared.Tests/Rask.Example.Shared.Tests.csproj"/>
        <Project Path="tests/Rask.Example.Wasm.Host.Tests/Rask.Example.Wasm.Host.Tests.csproj"/>
        <Project Path="tests/Rask.Example.Wasm.Tests/Rask.Example.Wasm.Tests.csproj"/>
        <Project Path="tests/Rask.Examples.E2E.Tests/Rask.Examples.E2E.Tests.csproj"/>
        <Project Path="tests/Rask.Generators.Tests/Rask.Generators.Tests.csproj"/>
        <Project Path="tests/Rask.Native.Tests/Rask.Native.Tests.csproj"/>
        <Project Path="tests/Rask.Server.Tests/Rask.Server.Tests.csproj"/>
        <Project Path="tests/Rask.TestSupport/Rask.TestSupport.csproj"/>
        <Project Path="tests/Rask.Validation.DataAnnotations.Tests/Rask.Validation.DataAnnotations.Tests.csproj"/>
        <Project Path="tests/Rask.Validation.FluentValidation.Tests/Rask.Validation.FluentValidation.Tests.csproj"/>
        <Project Path="tests/Rask.Testing.Tests/Rask.Testing.Tests.csproj"/>
        <Project Path="tests/Rask.WebPush.Tests/Rask.WebPush.Tests.csproj"/>
        <Project Path="tests/Rask.Wasm.Hosting.Tests/Rask.Wasm.Hosting.Tests.csproj"/>
        <Project Path="tests/Rask.Wasm.Tasks.Tests/Rask.Wasm.Tasks.Tests.csproj"/>
        <Project Path="tests/Rask.Wasm.Tests/Rask.Wasm.Tests.csproj"/>
    </Folder>
</Solution>
